
Microsoft Visual Studio Solution File, Format Version 12.00
# Visual Studio Version 16
VisualStudioVersion = 16.0.29409.12
MinimumVisualStudioVersion = 10.0.40219.1
Project("{FAE04EC0-301F-11D3-BF4B-00C04F79EFBC}") = "RazorExample", "RazorExample\RazorExample.csproj", "{4C796F1A-6CEE-462F-9F04-2058030C5A8A}"
EndProject
Global
	GlobalSection(SolutionConfigurationPlatforms) = preSolution
		Debug|Any CPU = Debug|Any CPU
		Release|Any CPU = Release|Any CPU
	EndGlobalSection
	GlobalSection(ProjectConfigurationPlatforms) = postSolution
		{4C796F1A-6CEE-462F-9F04-2058030C5A8A}.Debug|Any CPU.ActiveCfg = Debug|Any CPU
		{4C796F1A-6CEE-462F-9F04-2058030C5A8A}.Debug|Any CPU.Build.0 = Debug|Any CPU
		{4C796F1A-6CEE-462F-9F04-2058030C5A8A}.Release|Any CPU.ActiveCfg = Release|Any CPU
		{4C796F1A-6CEE-462F-9F04-2058030C5A8A}.Release|Any CPU.Build.0 = Release|Any CPU
	EndGlobalSection
	GlobalSection(SolutionProperties) = preSolution
		HideSolutionNode = FALSE
	EndGlobalSection
	GlobalSection(ExtensibilityGlobals) = postSolution
		SolutionGuid = {BCF944B9-E1DD-4898-8435-20578A99464E}
	EndGlobalSection
EndGlobal
